{
  "name": "crypto-arbitrage-br",
  "version": "0.0.1",
  "lockfileVersion": 1,
  "requires": true,
  "dependencies": {
    "beepbeep": {
      "version": "1.2.2",
      "resolved": "https://registry.npmjs.org/beepbeep/-/beepbeep-1.2.2.tgz",
      "integrity": "sha512-6Kz/q06tpY/rMlB+vmq1vFGkGwfSolJlbxR3QUZOFSlPSfYUpPMo43o25xu6ou1GaoTiXV8adlelhewilup0Ag=="
    },
    "ccxt": {
      "version": "1.18.1078",
      "resolved": "https://registry.npmjs.org/ccxt/-/ccxt-1.18.1078.tgz",
      "integrity": "sha512-FW74XThSOx7gFLXindizwa/ZEp5fZCVndyWjAa54Sdm62inwwIx2Lvw2pgIf8x1N+recYwQzQyE5IXQCCzmGnA=="
    },
    "lodash": {
      "version": "4.17.15",
      "resolved": "https://registry.npmjs.org/lodash/-/lodash-4.17.15.tgz",
      "integrity": "sha512-8xOcRHvCjnocdS5cpwXQXVzmmh5e5+saE2QGoeQmbKmRS6J3VQppPOIt0MnmE+4xlZoumy0GPG0D0MVIQbNA1A=="
    }
  }
}
